Microsoft Visual Studio Solution File, Format Version 12.00
# Visual Studio Version 17
VisualStudioVersion = 17.0.31903.59
MinimumVisualStudioVersion = 10.0.40219.1
Project("{FAE04EC0-301F-11D3-BF4B-00C04F79EFBC}") = "WarehouseRoutingSystem", "WarehouseRoutingSystem\WarehouseRoutingSystem.csproj", "{817A9D99-B40B-4519-A02F-3BF9FD6A3403}"
EndProject
Project("{FAE04EC0-301F-11D3-BF4B-00C04F79EFBC}") = "WarehouseRoutingSystem.Tests", "WarehouseRoutingSystem.Tests\WarehouseRoutingSystem.Tests.csproj", "{789E7F07-E8E1-42C3-A92B-CC2DDFA1B8E3}"
EndProject
Global
	GlobalSection(SolutionConfigurationPlatforms) = preSolution
		Debug|Any CPU = Debug|Any CPU
		Release|Any CPU = Release|Any CPU
	EndGlobalSection
	GlobalSection(ProjectConfigurationPlatforms) = postSolution
		{817A9D99-B40B-4519-A02F-3BF9FD6A3403}.Debug|Any CPU.ActiveCfg = Debug|Any CPU
		{817A9D99-B40B-4519-A02F-3BF9FD6A3403}.Debug|Any CPU.Build.0 = Debug|Any CPU
		{817A9D99-B40B-4519-A02F-3BF9FD6A3403}.Release|Any CPU.ActiveCfg = Release|Any CPU
		{817A9D99-B40B-4519-A02F-3BF9FD6A3403}.Release|Any CPU.Build.0 = Release|Any CPU
		{789E7F07-E8E1-42C3-A92B-CC2DDFA1B8E3}.Debug|Any CPU.ActiveCfg = Debug|Any CPU
		{789E7F07-E8E1-42C3-A92B-CC2DDFA1B8E3}.Debug|Any CPU.Build.0 = Debug|Any CPU
		{789E7F07-E8E1-42C3-A92B-CC2DDFA1B8E3}.Release|Any CPU.ActiveCfg = Release|Any CPU
		{789E7F07-E8E1-42C3-A92B-CC2DDFA1B8E3}.Release|Any CPU.Build.0 = Release|Any CPU
	EndGlobalSection
EndGlobal
