Microsoft Visual Studio Solution File, Format Version 12.00
# Visual Studio Version 17
VisualStudioVersion = 17.0.31903.59
MinimumVisualStudioVersion = 10.0.40219.1
Project("{FAE04EC0-301F-11D3-BF4B-00C04F79EFBC}") = "RpgCharacterBuilder", "RpgCharacterBuilder\RpgCharacterBuilder.csproj", "{3D5E6C4E-1EA0-4F1D-976C-596241236D2D}"
EndProject
Project("{FAE04EC0-301F-11D3-BF4B-00C04F79EFBC}") = "RpgCharacterBuilder.Tests", "RpgCharacterBuilder.Tests\RpgCharacterBuilder.Tests.csproj", "{18B749E5-CF8A-40F1-A4C8-BC4B6C9617A2}"
EndProject
Global
	GlobalSection(SolutionConfigurationPlatforms) = preSolution
		Debug|Any CPU = Debug|Any CPU
		Release|Any CPU = Release|Any CPU
	EndGlobalSection
	GlobalSection(ProjectConfigurationPlatforms) = postSolution
		{3D5E6C4E-1EA0-4F1D-976C-596241236D2D}.Debug|Any CPU.ActiveCfg = Debug|Any CPU
		{3D5E6C4E-1EA0-4F1D-976C-596241236D2D}.Debug|Any CPU.Build.0 = Debug|Any CPU
		{3D5E6C4E-1EA0-4F1D-976C-596241236D2D}.Release|Any CPU.ActiveCfg = Release|Any CPU
		{3D5E6C4E-1EA0-4F1D-976C-596241236D2D}.Release|Any CPU.Build.0 = Release|Any CPU
		{18B749E5-CF8A-40F1-A4C8-BC4B6C9617A2}.Debug|Any CPU.ActiveCfg = Debug|Any CPU
		{18B749E5-CF8A-40F1-A4C8-BC4B6C9617A2}.Debug|Any CPU.Build.0 = Debug|Any CPU
		{18B749E5-CF8A-40F1-A4C8-BC4B6C9617A2}.Release|Any CPU.ActiveCfg = Release|Any CPU
		{18B749E5-CF8A-40F1-A4C8-BC4B6C9617A2}.Release|Any CPU.Build.0 = Release|Any CPU
	EndGlobalSection
	GlobalSection(SolutionProperties) = preSolution
		HideSolutionNode = FALSE
	EndGlobalSection
EndGlobal
