Microsoft Visual Studio Solution File, Format Version 12.00
# Visual Studio Version 17
VisualStudioVersion = 17.0.31903.59
MinimumVisualStudioVersion = 10.0.40219.1
Project("{FAE04EC0-301F-11D3-BF4B-00C04F79EFBC}") = "BankIntegrationSystem", "BankIntegrationSystem\BankIntegrationSystem.csproj", "{948680CC-EB00-4BA1-BD5E-BC24F85949F7}"
EndProject
Project("{FAE04EC0-301F-11D3-BF4B-00C04F79EFBC}") = "BankIntegrationSystem.Tests", "BankIntegrationSystem.Tests\BankIntegrationSystem.Tests.csproj", "{BC593DC3-70C0-4B01-A92C-6838EBD58C36}"
EndProject
Global
	GlobalSection(SolutionConfigurationPlatforms) = preSolution
		Debug|Any CPU = Debug|Any CPU
		Release|Any CPU = Release|Any CPU
	EndGlobalSection
	GlobalSection(ProjectConfigurationPlatforms) = postSolution
		{948680CC-EB00-4BA1-BD5E-BC24F85949F7}.Debug|Any CPU.ActiveCfg = Debug|Any CPU
		{948680CC-EB00-4BA1-BD5E-BC24F85949F7}.Debug|Any CPU.Build.0 = Debug|Any CPU
		{948680CC-EB00-4BA1-BD5E-BC24F85949F7}.Release|Any CPU.ActiveCfg = Release|Any CPU
		{948680CC-EB00-4BA1-BD5E-BC24F85949F7}.Release|Any CPU.Build.0 = Release|Any CPU
		{BC593DC3-70C0-4B01-A92C-6838EBD58C36}.Debug|Any CPU.ActiveCfg = Debug|Any CPU
		{BC593DC3-70C0-4B01-A92C-6838EBD58C36}.Debug|Any CPU.Build.0 = Debug|Any CPU
		{BC593DC3-70C0-4B01-A92C-6838EBD58C36}.Release|Any CPU.ActiveCfg = Release|Any CPU
		{BC593DC3-70C0-4B01-A92C-6838EBD58C36}.Release|Any CPU.Build.0 = Release|Any CPU
	EndGlobalSection
	GlobalSection(SolutionProperties) = preSolution
		HideSolutionNode = FALSE
	EndGlobalSection
EndGlobal
